
Microsoft Visual Studio Solution File, Format Version 12.00
# Visual Studio Version 16
VisualStudioVersion = 16.0.29613.14
MinimumVisualStudioVersion = 10.0.40219.1
Project("{9A19103F-16F7-4668-BE54-9A1E7A4F7556}") = "AZH-Tankai-Server", "AZH-Tankai-Server\AZH-Tankai-Server.csproj", "{9B37A81C-F76F-4DB4-9164-9AF99024FD28}"
EndProject
Project("{FAE04EC0-301F-11D3-BF4B-00C04F79EFBC}") = "AZH-Tankai-Server.Test", "AZH-Tankai-Server.Test\AZH-Tankai-Server.Test.csproj", "{4A7A0D41-262C-46D3-9AA6-D4C450B49960}"
EndProject
Global
	GlobalSection(SolutionConfigurationPlatforms) = preSolution
		Debug|Any CPU = Debug|Any CPU
		Release|Any CPU = Release|Any CPU
	EndGlobalSection
	GlobalSection(ProjectConfigurationPlatforms) = postSolution
		{9B37A81C-F76F-4DB4-9164-9AF99024FD28}.Debug|Any CPU.ActiveCfg = Debug|Any CPU
		{9B37A81C-F76F-4DB4-9164-9AF99024FD28}.Debug|Any CPU.Build.0 = Debug|Any CPU
		{9B37A81C-F76F-4DB4-9164-9AF99024FD28}.Release|Any CPU.ActiveCfg = Release|Any CPU
		{9B37A81C-F76F-4DB4-9164-9AF99024FD28}.Release|Any CPU.Build.0 = Release|Any CPU
		{4A7A0D41-262C-46D3-9AA6-D4C450B49960}.Debug|Any CPU.ActiveCfg = Debug|Any CPU
		{4A7A0D41-262C-46D3-9AA6-D4C450B49960}.Debug|Any CPU.Build.0 = Debug|Any CPU
		{4A7A0D41-262C-46D3-9AA6-D4C450B49960}.Release|Any CPU.ActiveCfg = Release|Any CPU
		{4A7A0D41-262C-46D3-9AA6-D4C450B49960}.Release|Any CPU.Build.0 = Release|Any CPU
	EndGlobalSection
	GlobalSection(SolutionProperties) = preSolution
		HideSolutionNode = FALSE
	EndGlobalSection
	GlobalSection(ExtensibilityGlobals) = postSolution
		SolutionGuid = {2AE0CE6C-B405-4ED9-98A8-E5102FCC2921}
	EndGlobalSection
EndGlobal
